// !$*UTF8*$!
{
	archiveVersion = 1;
	classes = {
	};
	objectVersion = 55;
	objects = {

/* Begin PBXBuildFile section */
		630504A227F527B300DCC6BF /* StockAdvisorApp.swift in Sources */ = {isa = PBXBuildFile; fileRef = 630504A127F527B300DCC6BF /* StockAdvisorApp.swift */; };
		630504A427F527B300DCC6BF /* ContentView.swift in Sources */ = {isa = PBXBuildFile; fileRef = 630504A327F527B300DCC6BF /* ContentView.swift */; };
		630504A627F527B600DCC6BF /* Assets.xcassets in Resources */ = {isa = PBXBuildFile; fileRef = 630504A527F527B600DCC6BF /* Assets.xcassets */; };
		630504A927F527B600DCC6BF /* Preview Assets.xcassets in Resources */ = {isa = PBXBuildFile; fileRef = 630504A827F527B600DCC6BF /* Preview Assets.xcassets */; };
		630504BB27F528F900DCC6BF /* NetworkManager.swift in Sources */ = {isa = PBXBuildFile; fileRef = 630504BA27F528F900DCC6BF /* NetworkManager.swift */; };
		630504BD27F52CCE00DCC6BF /* GlobalQuote.swift in Sources */ = {isa = PBXBuildFile; fileRef = 630504BC27F52CCE00DCC6BF /* GlobalQuote.swift */; };
		630504BF27F535E700DCC6BF /* Quote.swift in Sources */ = {isa = PBXBuildFile; fileRef = 630504BE27F535E700DCC6BF /* Quote.swift */; };
		630504C227F5362E00DCC6BF /* API.swift in Sources */ = {isa = PBXBuildFile; fileRef = 630504C127F5362E00DCC6BF /* API.swift */; };
		630504C427F53A4800DCC6BF /* QuoteManagerProtocol.swift in Sources */ = {isa = PBXBuildFile; fileRef = 630504C327F53A4800DCC6BF /* QuoteManagerProtocol.swift */; };
		630504C627F53B1100DCC6BF /* MockQuoteManager.swift in Sources */ = {isa = PBXBuildFile; fileRef = 630504C527F53B1100DCC6BF /* MockQuoteManager.swift */; };
		630504C827F53D9600DCC6BF /* StockQuoteManager.swift in Sources */ = {isa = PBXBuildFile; fileRef = 630504C727F53D9600DCC6BF /* StockQuoteManager.swift */; };
		630504CD27F5430200DCC6BF /* HeaderView.swift in Sources */ = {isa = PBXBuildFile; fileRef = 630504CC27F5430200DCC6BF /* HeaderView.swift */; };
		630504CF27F657D100DCC6BF /* CustomTextField.swift in Sources */ = {isa = PBXBuildFile; fileRef = 630504CE27F657D100DCC6BF /* CustomTextField.swift */; };
		630504D127F658FF00DCC6BF /* SearchTextView.swift in Sources */ = {isa = PBXBuildFile; fileRef = 630504D027F658FF00DCC6BF /* SearchTextView.swift */; };
		630504D327F65E7400DCC6BF /* QuoteCell.swift in Sources */ = {isa = PBXBuildFile; fileRef = 630504D227F65E7400DCC6BF /* QuoteCell.swift */; };
		630504D527F6640200DCC6BF /* MiniQuoteView.swift in Sources */ = {isa = PBXBuildFile; fileRef = 630504D427F6640200DCC6BF /* MiniQuoteView.swift */; };
		630504DA27F676C800DCC6BF /* NewsResponse.swift in Sources */ = {isa = PBXBuildFile; fileRef = 630504D927F676C800DCC6BF /* NewsResponse.swift */; };
		630504DC27F6770400DCC6BF /* News.swift in Sources */ = {isa = PBXBuildFile; fileRef = 630504DB27F6770400DCC6BF /* News.swift */; };
		630504DE27F677F400DCC6BF /* NewsAPI.swift in Sources */ = {isa = PBXBuildFile; fileRef = 630504DD27F677F400DCC6BF /* NewsAPI.swift */; };
		630504E027F678B900DCC6BF /* NewsDownloadManager.swift in Sources */ = {isa = PBXBuildFile; fileRef = 630504DF27F678B900DCC6BF /* NewsDownloadManager.swift */; };
		630504E227F67A8300DCC6BF /* BottomSheetView.swift in Sources */ = {isa = PBXBuildFile; fileRef = 630504E127F67A8300DCC6BF /* BottomSheetView.swift */; };
		630504E427F6867000DCC6BF /* NewsSheetView.swift in Sources */ = {isa = PBXBuildFile; fileRef = 630504E327F6867000DCC6BF /* NewsSheetView.swift */; };
		630504E627F68D2F00DCC6BF /* NewsHeaderView.swift in Sources */ = {isa = PBXBuildFile; fileRef = 630504E527F68D2F00DCC6BF /* NewsHeaderView.swift */; };
		630504E827F68E8000DCC6BF /* NewsListView.swift in Sources */ = {isa = PBXBuildFile; fileRef = 630504E727F68E8000DCC6BF /* NewsListView.swift */; };
		630504EB27F6913200DCC6BF /* BetterSafariView in Frameworks */ = {isa = PBXBuildFile; productRef = 630504EA27F6913200DCC6BF /* BetterSafariView */; };
		630504EE27F692AF00DCC6BF /* ImageLoader.swift in Sources */ = {isa = PBXBuildFile; fileRef = 630504ED27F692AF00DCC6BF /* ImageLoader.swift */; };
		630504F027F692C000DCC6BF /* ImageCache.swift in Sources */ = {isa = PBXBuildFile; fileRef = 630504EF27F692C000DCC6BF /* ImageCache.swift */; };
		630504F227F692D200DCC6BF /* ImageCacheKey.swift in Sources */ = {isa = PBXBuildFile; fileRef = 630504F127F692D200DCC6BF /* ImageCacheKey.swift */; };
		630504F427F692EE00DCC6BF /* AsyncImage.swift in Sources */ = {isa = PBXBuildFile; fileRef = 630504F327F692EE00DCC6BF /* AsyncImage.swift */; };
		630504F627F75AA100DCC6BF /* SearchResponse.swift in Sources */ = {isa = PBXBuildFile; fileRef = 630504F527F75AA100DCC6BF /* SearchResponse.swift */; };
		630504F827F75AF500DCC6BF /* BestMatches.swift in Sources */ = {isa = PBXBuildFile; fileRef = 630504F727F75AF500DCC6BF /* BestMatches.swift */; };
		630504FA27F75BFA00DCC6BF /* SearchManager.swift in Sources */ = {isa = PBXBuildFile; fileRef = 630504F927F75BFA00DCC6BF /* SearchManager.swift */; };
		630504FC27F75D9400DCC6BF /* UserDefaultsManager.swift in Sources */ = {isa = PBXBuildFile; fileRef = 630504FB27F75D9400DCC6BF /* UserDefaultsManager.swift */; };
		630504FF27F75F4A00DCC6BF /* Array+Extensions.swift in Sources */ = {isa = PBXBuildFile; fileRef = 630504FE27F75F4A00DCC6BF /* Array+Extensions.swift */; };
		6305050127F7601400DCC6BF /* SearchView.swift in Sources */ = {isa = PBXBuildFile; fileRef = 6305050027F7601400DCC6BF /* SearchView.swift */; };
		6305050327F7BDC900DCC6BF /* DismissButtonView.swift in Sources */ = {isa = PBXBuildFile; fileRef = 6305050227F7BDC900DCC6BF /* DismissButtonView.swift */; };
		6305050527F7D45400DCC6BF /* String+Extensions.swift in Sources */ = {isa = PBXBuildFile; fileRef = 6305050427F7D45400DCC6BF /* String+Extensions.swift */; };
		6305050727F7D5A100DCC6BF /* Double+Extensions.swift in Sources */ = {isa = PBXBuildFile; fileRef = 6305050627F7D5A100DCC6BF /* Double+Extensions.swift */; };
/* End PBXBuildFile section */

/* Begin PBXFileReference section */
		6305049E27F527B300DCC6BF /* StockAdvisor.app */ = {isa = PBXFileReference; explicitFileType = wrapper.application; includeInIndex = 0; path = StockAdvisor.app; sourceTree = BUILT_PRODUCTS_DIR; };
		630504A127F527B300DCC6BF /* StockAdvisorApp.swift */ = {isa = PBXFileReference; lastKnownFileType = sourcecode.swift; path = StockAdvisorApp.swift; sourceTree = "<group>"; };
		630504A327F527B300DCC6BF /* ContentView.swift */ = {isa = PBXFileReference; lastKnownFileType = sourcecode.swift; path = ContentView.swift; sourceTree = "<group>"; };
		630504A527F527B600DCC6BF /* Assets.xcassets */ = {isa = PBXFileReference; lastKnownFileType = folder.assetcatalog; path = Assets.xcassets; sourceTree = "<group>"; };
		630504A827F527B600DCC6BF /* Preview Assets.xcassets */ = {isa = PBXFileReference; lastKnownFileType = folder.assetcatalog; path = "Preview Assets.xcassets"; sourceTree = "<group>"; };
		630504BA27F528F900DCC6BF /* NetworkManager.swift */ = {isa = PBXFileReference; lastKnownFileType = sourcecode.swift; path = NetworkManager.swift; sourceTree = "<group>"; };
		630504BC27F52CCE00DCC6BF /* GlobalQuote.swift */ = {isa = PBXFileReference; lastKnownFileType = sourcecode.swift; name = GlobalQuote.swift; path = "StockAdvisor/Preview Content/GlobalQuote.swift"; sourceTree = SOURCE_ROOT; };
		630504BE27F535E700DCC6BF /* Quote.swift */ = {isa = PBXFileReference; lastKnownFileType = sourcecode.swift; path = Quote.swift; sourceTree = "<group>"; };
		630504C127F5362E00DCC6BF /* API.swift */ = {isa = PBXFileReference; lastKnownFileType = sourcecode.swift; path = API.swift; sourceTree = "<group>"; };
		630504C327F53A4800DCC6BF /* QuoteManagerProtocol.swift */ = {isa = PBXFileReference; lastKnownFileType = sourcecode.swift; path = QuoteManagerProtocol.swift; sourceTree = "<group>"; };
		630504C527F53B1100DCC6BF /* MockQuoteManager.swift */ = {isa = PBXFileReference; lastKnownFileType = sourcecode.swift; path = MockQuoteManager.swift; sourceTree = "<group>"; };
		630504C727F53D9600DCC6BF /* StockQuoteManager.swift */ = {isa = PBXFileReference; lastKnownFileType = sourcecode.swift; path = StockQuoteManager.swift; sourceTree = "<group>"; };
		630504CC27F5430200DCC6BF /* HeaderView.swift */ = {isa = PBXFileReference; lastKnownFileType = sourcecode.swift; path = HeaderView.swift; sourceTree = "<group>"; };
		630504CE27F657D100DCC6BF /* CustomTextField.swift */ = {isa = PBXFileReference; lastKnownFileType = sourcecode.swift; path = CustomTextField.swift; sourceTree = "<group>"; };
		630504D027F658FF00DCC6BF /* SearchTextView.swift */ = {isa = PBXFileReference; lastKnownFileType = sourcecode.swift; path = SearchTextView.swift; sourceTree = "<group>"; };
		630504D227F65E7400DCC6BF /* QuoteCell.swift */ = {isa = PBXFileReference; lastKnownFileType = sourcecode.swift; path = QuoteCell.swift; sourceTree = "<group>"; };
		630504D427F6640200DCC6BF /* MiniQuoteView.swift */ = {isa = PBXFileReference; lastKnownFileType = sourcecode.swift; path = MiniQuoteView.swift; sourceTree = "<group>"; };
		630504D927F676C800DCC6BF /* NewsResponse.swift */ = {isa = PBXFileReference; lastKnownFileType = sourcecode.swift; path = NewsResponse.swift; sourceTree = "<group>"; };
		630504DB27F6770400DCC6BF /* News.swift */ = {isa = PBXFileReference; lastKnownFileType = sourcecode.swift; path = News.swift; sourceTree = "<group>"; };
		630504DD27F677F400DCC6BF /* NewsAPI.swift */ = {isa = PBXFileReference; lastKnownFileType = sourcecode.swift; path = NewsAPI.swift; sourceTree = "<group>"; };
		630504DF27F678B900DCC6BF /* NewsDownloadManager.swift */ = {isa = PBXFileReference; lastKnownFileType = sourcecode.swift; path = NewsDownloadManager.swift; sourceTree = "<group>"; };
		630504E127F67A8300DCC6BF /* BottomSheetView.swift */ = {isa = PBXFileReference; lastKnownFileType = sourcecode.swift; path = BottomSheetView.swift; sourceTree = "<group>"; };
		630504E327F6867000DCC6BF /* NewsSheetView.swift */ = {isa = PBXFileReference; lastKnownFileType = sourcecode.swift; path = NewsSheetView.swift; sourceTree = "<group>"; };
		630504E527F68D2F00DCC6BF /* NewsHeaderView.swift */ = {isa = PBXFileReference; lastKnownFileType = sourcecode.swift; path = NewsHeaderView.swift; sourceTree = "<group>"; };
		630504E727F68E8000DCC6BF /* NewsListView.swift */ = {isa = PBXFileReference; lastKnownFileType = sourcecode.swift; path = NewsListView.swift; sourceTree = "<group>"; };
		630504ED27F692AF00DCC6BF /* ImageLoader.swift */ = {isa = PBXFileReference; lastKnownFileType = sourcecode.swift; path = ImageLoader.swift; sourceTree = "<group>"; };
		630504EF27F692C000DCC6BF /* ImageCache.swift */ = {isa = PBXFileReference; lastKnownFileType = sourcecode.swift; path = ImageCache.swift; sourceTree = "<group>"; };
		630504F127F692D200DCC6BF /* ImageCacheKey.swift */ = {isa = PBXFileReference; lastKnownFileType = sourcecode.swift; path = ImageCacheKey.swift; sourceTree = "<group>"; };
		630504F327F692EE00DCC6BF /* AsyncImage.swift */ = {isa = PBXFileReference; lastKnownFileType = sourcecode.swift; path = AsyncImage.swift; sourceTree = "<group>"; };
		630504F527F75AA100DCC6BF /* SearchResponse.swift */ = {isa = PBXFileReference; lastKnownFileType = sourcecode.swift; path = SearchResponse.swift; sourceTree = "<group>"; };
		630504F727F75AF500DCC6BF /* BestMatches.swift */ = {isa = PBXFileReference; lastKnownFileType = sourcecode.swift; path = BestMatches.swift; sourceTree = "<group>"; };
		630504F927F75BFA00DCC6BF /* SearchManager.swift */ = {isa = PBXFileReference; lastKnownFileType = sourcecode.swift; path = SearchManager.swift; sourceTree = "<group>"; };
		630504FB27F75D9400DCC6BF /* UserDefaultsManager.swift */ = {isa = PBXFileReference; lastKnownFileType = sourcecode.swift; path = UserDefaultsManager.swift; sourceTree = "<group>"; };
		630504FE27F75F4A00DCC6BF /* Array+Extensions.swift */ = {isa = PBXFileReference; lastKnownFileType = sourcecode.swift; path = "Array+Extensions.swift"; sourceTree = "<group>"; };
		6305050027F7601400DCC6BF /* SearchView.swift */ = {isa = PBXFileReference; lastKnownFileType = sourcecode.swift; path = SearchView.swift; sourceTree = "<group>"; };
		6305050227F7BDC900DCC6BF /* DismissButtonView.swift */ = {isa = PBXFileReference; lastKnownFileType = sourcecode.swift; path = DismissButtonView.swift; sourceTree = "<group>"; };
		6305050427F7D45400DCC6BF /* String+Extensions.swift */ = {isa = PBXFileReference; lastKnownFileType = sourcecode.swift; path = "String+Extensions.swift"; sourceTree = "<group>"; };
		6305050627F7D5A100DCC6BF /* Double+Extensions.swift */ = {isa = PBXFileReference; lastKnownFileType = sourcecode.swift; path = "Double+Extensions.swift"; sourceTree = "<group>"; };
/* End PBXFileReference section */

/* Begin PBXFrameworksBuildPhase section */
		6305049B27F527B300DCC6BF /* Frameworks */ = {
			isa = PBXFrameworksBuildPhase;
			buildActionMask = 2147483647;
			files = (
				630504EB27F6913200DCC6BF /* BetterSafariView in Frameworks */,
			);
			runOnlyForDeploymentPostprocessing = 0;
		};
/* End PBXFrameworksBuildPhase section */

/* Begin PBXGroup section */
		6305049527F527B300DCC6BF = {
			isa = PBXGroup;
			children = (
				630504F927F75BFA00DCC6BF /* SearchManager.swift */,
				630504A027F527B300DCC6BF /* StockAdvisor */,
				6305049F27F527B300DCC6BF /* Products */,
			);
			sourceTree = "<group>";
		};
		6305049F27F527B300DCC6BF /* Products */ = {
			isa = PBXGroup;
			children = (
				6305049E27F527B300DCC6BF /* StockAdvisor.app */,
			);
			name = Products;
			sourceTree = "<group>";
		};
		630504A027F527B300DCC6BF /* StockAdvisor */ = {
			isa = PBXGroup;
			children = (
				630504B927F5289A00DCC6BF /* Utilities */,
				630504AF27F527C800DCC6BF /* Features */,
				630504A127F527B300DCC6BF /* StockAdvisorApp.swift */,
				630504A327F527B300DCC6BF /* ContentView.swift */,
				630504A527F527B600DCC6BF /* Assets.xcassets */,
				630504A727F527B600DCC6BF /* Preview Content */,
			);
			path = StockAdvisor;
			sourceTree = "<group>";
		};
		630504A727F527B600DCC6BF /* Preview Content */ = {
			isa = PBXGroup;
			children = (
				630504A827F527B600DCC6BF /* Preview Assets.xcassets */,
			);
			path = "Preview Content";
			sourceTree = "<group>";
		};
		630504AF27F527C800DCC6BF /* Features */ = {
			isa = PBXGroup;
			children = (
				630504D627F6769A00DCC6BF /* News */,
				630504B227F527FB00DCC6BF /* Search */,
				630504B027F527DE00DCC6BF /* WatchList */,
			);
			path = Features;
			sourceTree = "<group>";
		};
		630504B027F527DE00DCC6BF /* WatchList */ = {
			isa = PBXGroup;
			children = (
				630504C027F5361500DCC6BF /* Managers */,
				630504B427F5282A00DCC6BF /* Views */,
				630504B127F527ED00DCC6BF /* Models */,
			);
			path = WatchList;
			sourceTree = "<group>";
		};
		630504B127F527ED00DCC6BF /* Models */ = {
			isa = PBXGroup;
			children = (
				630504BC27F52CCE00DCC6BF /* GlobalQuote.swift */,
				630504BE27F535E700DCC6BF /* Quote.swift */,
			);
			path = Models;
			sourceTree = "<group>";
		};
		630504B227F527FB00DCC6BF /* Search */ = {
			isa = PBXGroup;
			children = (
				630504B627F5285F00DCC6BF /* News */,
				630504B527F5283200DCC6BF /* Views */,
				630504B327F5281100DCC6BF /* Models */,
			);
			path = Search;
			sourceTree = "<group>";
		};
		630504B327F5281100DCC6BF /* Models */ = {
			isa = PBXGroup;
			children = (
				630504F527F75AA100DCC6BF /* SearchResponse.swift */,
				630504F727F75AF500DCC6BF /* BestMatches.swift */,
			);
			path = Models;
			sourceTree = "<group>";
		};
		630504B427F5282A00DCC6BF /* Views */ = {
			isa = PBXGroup;
			children = (
				630504C927F542AF00DCC6BF /* Home */,
			);
			path = Views;
			sourceTree = "<group>";
		};
		630504B527F5283200DCC6BF /* Views */ = {
			isa = PBXGroup;
			children = (
				6305050027F7601400DCC6BF /* SearchView.swift */,
				6305050227F7BDC900DCC6BF /* DismissButtonView.swift */,
			);
			path = Views;
			sourceTree = "<group>";
		};
		630504B627F5285F00DCC6BF /* News */ = {
			isa = PBXGroup;
			children = (
				630504B827F5287600DCC6BF /* Views */,
				630504B727F5286D00DCC6BF /* Models */,
			);
			path = News;
			sourceTree = "<group>";
		};
		630504B727F5286D00DCC6BF /* Models */ = {
			isa = PBXGroup;
			children = (
			);
			path = Models;
			sourceTree = "<group>";
		};
		630504B827F5287600DCC6BF /* Views */ = {
			isa = PBXGroup;
			children = (
			);
			path = Views;
			sourceTree = "<group>";
		};
		630504B927F5289A00DCC6BF /* Utilities */ = {
			isa = PBXGroup;
			children = (
				630504FD27F75F3100DCC6BF /* Extensions */,
				630504EC27F6928800DCC6BF /* AsyncImages */,
				630504BA27F528F900DCC6BF /* NetworkManager.swift */,
				630504CE27F657D100DCC6BF /* CustomTextField.swift */,
			);
			path = Utilities;
			sourceTree = "<group>";
		};
		630504C027F5361500DCC6BF /* Managers */ = {
			isa = PBXGroup;
			children = (
				630504C127F5362E00DCC6BF /* API.swift */,
				630504C327F53A4800DCC6BF /* QuoteManagerProtocol.swift */,
				630504C527F53B1100DCC6BF /* MockQuoteManager.swift */,
				630504C727F53D9600DCC6BF /* StockQuoteManager.swift */,
			);
			path = Managers;
			sourceTree = "<group>";
		};
		630504C927F542AF00DCC6BF /* Home */ = {
			isa = PBXGroup;
			children = (
				630504CC27F5430200DCC6BF /* HeaderView.swift */,
				630504D027F658FF00DCC6BF /* SearchTextView.swift */,
				630504D227F65E7400DCC6BF /* QuoteCell.swift */,
				630504D427F6640200DCC6BF /* MiniQuoteView.swift */,
			);
			path = Home;
			sourceTree = "<group>";
		};
		630504D627F6769A00DCC6BF /* News */ = {
			isa = PBXGroup;
			children = (
				630504D827F676AE00DCC6BF /* Views */,
				630504D727F676A500DCC6BF /* Models */,
				630504DF27F678B900DCC6BF /* NewsDownloadManager.swift */,
			);
			path = News;
			sourceTree = "<group>";
		};
		630504D727F676A500DCC6BF /* Models */ = {
			isa = PBXGroup;
			children = (
				630504D927F676C800DCC6BF /* NewsResponse.swift */,
				630504DB27F6770400DCC6BF /* News.swift */,
				630504DD27F677F400DCC6BF /* NewsAPI.swift */,
			);
			path = Models;
			sourceTree = "<group>";
		};
		630504D827F676AE00DCC6BF /* Views */ = {
			isa = PBXGroup;
			children = (
				630504E127F67A8300DCC6BF /* BottomSheetView.swift */,
				630504E327F6867000DCC6BF /* NewsSheetView.swift */,
				630504E527F68D2F00DCC6BF /* NewsHeaderView.swift */,
				630504E727F68E8000DCC6BF /* NewsListView.swift */,
			);
			path = Views;
			sourceTree = "<group>";
		};
		630504EC27F6928800DCC6BF /* AsyncImages */ = {
			isa = PBXGroup;
			children = (
				630504ED27F692AF00DCC6BF /* ImageLoader.swift */,
				630504EF27F692C000DCC6BF /* ImageCache.swift */,
				630504F127F692D200DCC6BF /* ImageCacheKey.swift */,
				630504F327F692EE00DCC6BF /* AsyncImage.swift */,
				630504FB27F75D9400DCC6BF /* UserDefaultsManager.swift */,
			);
			path = AsyncImages;
			sourceTree = "<group>";
		};
		630504FD27F75F3100DCC6BF /* Extensions */ = {
			isa = PBXGroup;
			children = (
				630504FE27F75F4A00DCC6BF /* Array+Extensions.swift */,
				6305050427F7D45400DCC6BF /* String+Extensions.swift */,
				6305050627F7D5A100DCC6BF /* Double+Extensions.swift */,
			);
			path = Extensions;
			sourceTree = "<group>";
		};
/* End PBXGroup section */

/* Begin PBXNativeTarget section */
		6305049D27F527B300DCC6BF /* StockAdvisor */ = {
			isa = PBXNativeTarget;
			buildConfigurationList = 630504AC27F527B600DCC6BF /* Build configuration list for PBXNativeTarget "StockAdvisor" */;
			buildPhases = (
				6305049A27F527B300DCC6BF /* Sources */,
				6305049B27F527B300DCC6BF /* Frameworks */,
				6305049C27F527B300DCC6BF /* Resources */,
			);
			buildRules = (
			);
			dependencies = (
			);
			name = StockAdvisor;
			packageProductDependencies = (
				630504EA27F6913200DCC6BF /* BetterSafariView */,
			);
			productName = StockAdvisor;
			productReference = 6305049E27F527B300DCC6BF /* StockAdvisor.app */;
			productType = "com.apple.product-type.application";
		};
/* End PBXNativeTarget section */

/* Begin PBXProject section */
		6305049627F527B300DCC6BF /* Project object */ = {
			isa = PBXProject;
			attributes = {
				BuildIndependentTargetsInParallel = 1;
				LastSwiftUpdateCheck = 1330;
				LastUpgradeCheck = 1330;
				TargetAttributes = {
					6305049D27F527B300DCC6BF = {
						CreatedOnToolsVersion = 13.3;
					};
				};
			};
			buildConfigurationList = 6305049927F527B300DCC6BF /* Build configuration list for PBXProject "StockAdvisor" */;
			compatibilityVersion = "Xcode 13.0";
			developmentRegion = en;
			hasScannedForEncodings = 0;
			knownRegions = (
				en,
				Base,
			);
			mainGroup = 6305049527F527B300DCC6BF;
			packageReferences = (
				630504E927F6913100DCC6BF /* XCRemoteSwiftPackageReference "BetterSafariView" */,
			);
			productRefGroup = 6305049F27F527B300DCC6BF /* Products */;
			projectDirPath = "";
			projectRoot = "";
			targets = (
				6305049D27F527B300DCC6BF /* StockAdvisor */,
			);
		};
/* End PBXProject section */

/* Begin PBXResourcesBuildPhase section */
		6305049C27F527B300DCC6BF /* Resources */ = {
			isa = PBXResourcesBuildPhase;
			buildActionMask = 2147483647;
			files = (
				630504A927F527B600DCC6BF /* Preview Assets.xcassets in Resources */,
				630504A627F527B600DCC6BF /* Assets.xcassets in Resources */,
			);
			runOnlyForDeploymentPostprocessing = 0;
		};
/* End PBXResourcesBuildPhase section */

/* Begin PBXSourcesBuildPhase section */
		6305049A27F527B300DCC6BF /* Sources */ = {
			isa = PBXSourcesBuildPhase;
			buildActionMask = 2147483647;
			files = (
				630504D527F6640200DCC6BF /* MiniQuoteView.swift in Sources */,
				630504BF27F535E700DCC6BF /* Quote.swift in Sources */,
				630504E027F678B900DCC6BF /* NewsDownloadManager.swift in Sources */,
				630504DC27F6770400DCC6BF /* News.swift in Sources */,
				630504D127F658FF00DCC6BF /* SearchTextView.swift in Sources */,
				630504E827F68E8000DCC6BF /* NewsListView.swift in Sources */,
				630504CF27F657D100DCC6BF /* CustomTextField.swift in Sources */,
				630504D327F65E7400DCC6BF /* QuoteCell.swift in Sources */,
				630504F627F75AA100DCC6BF /* SearchResponse.swift in Sources */,
				6305050727F7D5A100DCC6BF /* Double+Extensions.swift in Sources */,
				630504FF27F75F4A00DCC6BF /* Array+Extensions.swift in Sources */,
				630504F227F692D200DCC6BF /* ImageCacheKey.swift in Sources */,
				630504E427F6867000DCC6BF /* NewsSheetView.swift in Sources */,
				6305050527F7D45400DCC6BF /* String+Extensions.swift in Sources */,
				630504BB27F528F900DCC6BF /* NetworkManager.swift in Sources */,
				630504DE27F677F400DCC6BF /* NewsAPI.swift in Sources */,
				630504F827F75AF500DCC6BF /* BestMatches.swift in Sources */,
				630504A427F527B300DCC6BF /* ContentView.swift in Sources */,
				630504E227F67A8300DCC6BF /* BottomSheetView.swift in Sources */,
				630504A227F527B300DCC6BF /* StockAdvisorApp.swift in Sources */,
				630504E627F68D2F00DCC6BF /* NewsHeaderView.swift in Sources */,
				630504EE27F692AF00DCC6BF /* ImageLoader.swift in Sources */,
				630504C627F53B1100DCC6BF /* MockQuoteManager.swift in Sources */,
				630504CD27F5430200DCC6BF /* HeaderView.swift in Sources */,
				630504FA27F75BFA00DCC6BF /* SearchManager.swift in Sources */,
				630504F027F692C000DCC6BF /* ImageCache.swift in Sources */,
				630504C827F53D9600DCC6BF /* StockQuoteManager.swift in Sources */,
				6305050327F7BDC900DCC6BF /* DismissButtonView.swift in Sources */,
				630504DA27F676C800DCC6BF /* NewsResponse.swift in Sources */,
				630504C227F5362E00DCC6BF /* API.swift in Sources */,
				630504FC27F75D9400DCC6BF /* UserDefaultsManager.swift in Sources */,
				6305050127F7601400DCC6BF /* SearchView.swift in Sources */,
				630504BD27F52CCE00DCC6BF /* GlobalQuote.swift in Sources */,
				630504F427F692EE00DCC6BF /* AsyncImage.swift in Sources */,
				630504C427F53A4800DCC6BF /* QuoteManagerProtocol.swift in Sources */,
			);
			runOnlyForDeploymentPostprocessing = 0;
		};
/* End PBXSourcesBuildPhase section */

/* Begin XCBuildConfiguration section */
		630504AA27F527B600DCC6BF /* Debug */ = {
			isa = XCBuildConfiguration;
			buildSettings = {
				ALWAYS_SEARCH_USER_PATHS = NO;
				CLANG_ANALYZER_NONNULL = YES;
				CLANG_ANALYZER_NUMBER_OBJECT_CONVERSION = YES_AGGRESSIVE;
				CLANG_CXX_LANGUAGE_STANDARD = "gnu++17";
				CLANG_ENABLE_MODULES = YES;
				CLANG_ENABLE_OBJC_ARC = YES;
				CLANG_ENABLE_OBJC_WEAK = YES;
				CLANG_WARN_BLOCK_CAPTURE_AUTORELEASING = YES;
				CLANG_WARN_BOOL_CONVERSION = YES;
				CLANG_WARN_COMMA = YES;
				CLANG_WARN_CONSTANT_CONVERSION = YES;
				CLANG_WARN_DEPRECATED_OBJC_IMPLEMENTATIONS = YES;
				CLANG_WARN_DIRECT_OBJC_ISA_USAGE = YES_ERROR;
				CLANG_WARN_DOCUMENTATION_COMMENTS = YES;
				CLANG_WARN_EMPTY_BODY = YES;
				CLANG_WARN_ENUM_CONVERSION = YES;
				CLANG_WARN_INFINITE_RECURSION = YES;
				CLANG_WARN_INT_CONVERSION = YES;
				CLANG_WARN_NON_LITERAL_NULL_CONVERSION = YES;
				CLANG_WARN_OBJC_IMPLICIT_RETAIN_SELF = YES;
				CLANG_WARN_OBJC_LITERAL_CONVERSION = YES;
				CLANG_WARN_OBJC_ROOT_CLASS = YES_ERROR;
				CLANG_WARN_QUOTED_INCLUDE_IN_FRAMEWORK_HEADER = YES;
				CLANG_WARN_RANGE_LOOP_ANALYSIS = YES;
				CLANG_WARN_STRICT_PROTOTYPES = YES;
				CLANG_WARN_SUSPICIOUS_MOVE = YES;
				CLANG_WARN_UNGUARDED_AVAILABILITY = YES_AGGRESSIVE;
				CLANG_WARN_UNREACHABLE_CODE = YES;
				CLANG_WARN__DUPLICATE_METHOD_MATCH = YES;
				COPY_PHASE_STRIP = NO;
				DEBUG_INFORMATION_FORMAT = dwarf;
				ENABLE_STRICT_OBJC_MSGSEND = YES;
				ENABLE_TESTABILITY = YES;
				GCC_C_LANGUAGE_STANDARD = gnu11;
				GCC_DYNAMIC_NO_PIC = NO;
				GCC_NO_COMMON_BLOCKS = YES;
				GCC_OPTIMIZATION_LEVEL = 0;
				GCC_PREPROCESSOR_DEFINITIONS = (
					"DEBUG=1",
					"$(inherited)",
				);
				GCC_WARN_64_TO_32_BIT_CONVERSION = YES;
				GCC_WARN_ABOUT_RETURN_TYPE = YES_ERROR;
				GCC_WARN_UNDECLARED_SELECTOR = YES;
				GCC_WARN_UNINITIALIZED_AUTOS = YES_AGGRESSIVE;
				GCC_WARN_UNUSED_FUNCTION = YES;
				GCC_WARN_UNUSED_VARIABLE = YES;
				IPHONEOS_DEPLOYMENT_TARGET = 15.4;
				MTL_ENABLE_DEBUG_INFO = INCLUDE_SOURCE;
				MTL_FAST_MATH = YES;
				ONLY_ACTIVE_ARCH = YES;
				SDKROOT = iphoneos;
				SWIFT_ACTIVE_COMPILATION_CONDITIONS = DEBUG;
				SWIFT_OPTIMIZATION_LEVEL = "-Onone";
			};
			name = Debug;
		};
		630504AB27F527B600DCC6BF /* Release */ = {
			isa = XCBuildConfiguration;
			buildSettings = {
				ALWAYS_SEARCH_USER_PATHS = NO;
				CLANG_ANALYZER_NONNULL = YES;
				CLANG_ANALYZER_NUMBER_OBJECT_CONVERSION = YES_AGGRESSIVE;
				CLANG_CXX_LANGUAGE_STANDARD = "gnu++17";
				CLANG_ENABLE_MODULES = YES;
				CLANG_ENABLE_OBJC_ARC = YES;
				CLANG_ENABLE_OBJC_WEAK = YES;
				CLANG_WARN_BLOCK_CAPTURE_AUTORELEASING = YES;
				CLANG_WARN_BOOL_CONVERSION = YES;
				CLANG_WARN_COMMA = YES;
				CLANG_WARN_CONSTANT_CONVERSION = YES;
				CLANG_WARN_DEPRECATED_OBJC_IMPLEMENTATIONS = YES;
				CLANG_WARN_DIRECT_OBJC_ISA_USAGE = YES_ERROR;
				CLANG_WARN_DOCUMENTATION_COMMENTS = YES;
				CLANG_WARN_EMPTY_BODY = YES;
				CLANG_WARN_ENUM_CONVERSION = YES;
				CLANG_WARN_INFINITE_RECURSION = YES;
				CLANG_WARN_INT_CONVERSION = YES;
				CLANG_WARN_NON_LITERAL_NULL_CONVERSION = YES;
				CLANG_WARN_OBJC_IMPLICIT_RETAIN_SELF = YES;
				CLANG_WARN_OBJC_LITERAL_CONVERSION = YES;
				CLANG_WARN_OBJC_ROOT_CLASS = YES_ERROR;
				CLANG_WARN_QUOTED_INCLUDE_IN_FRAMEWORK_HEADER = YES;
				CLANG_WARN_RANGE_LOOP_ANALYSIS = YES;
				CLANG_WARN_STRICT_PROTOTYPES = YES;
				CLANG_WARN_SUSPICIOUS_MOVE = YES;
				CLANG_WARN_UNGUARDED_AVAILABILITY = YES_AGGRESSIVE;
				CLANG_WARN_UNREACHABLE_CODE = YES;
				CLANG_WARN__DUPLICATE_METHOD_MATCH = YES;
				COPY_PHASE_STRIP = NO;
				DEBUG_INFORMATION_FORMAT = "dwarf-with-dsym";
				ENABLE_NS_ASSERTIONS = NO;
				ENABLE_STRICT_OBJC_MSGSEND = YES;
				GCC_C_LANGUAGE_STANDARD = gnu11;
				GCC_NO_COMMON_BLOCKS = YES;
				GCC_WARN_64_TO_32_BIT_CONVERSION = YES;
				GCC_WARN_ABOUT_RETURN_TYPE = YES_ERROR;
				GCC_WARN_UNDECLARED_SELECTOR = YES;
				GCC_WARN_UNINITIALIZED_AUTOS = YES_AGGRESSIVE;
				GCC_WARN_UNUSED_FUNCTION = YES;
				GCC_WARN_UNUSED_VARIABLE = YES;
				IPHONEOS_DEPLOYMENT_TARGET = 15.4;
				MTL_ENABLE_DEBUG_INFO = NO;
				MTL_FAST_MATH = YES;
				SDKROOT = iphoneos;
				SWIFT_COMPILATION_MODE = wholemodule;
				SWIFT_OPTIMIZATION_LEVEL = "-O";
				VALIDATE_PRODUCT = YES;
			};
			name = Release;
		};
		630504AD27F527B600DCC6BF /* Debug */ = {
			isa = XCBuildConfiguration;
			buildSettings = {
				ASSETCATALOG_COMPILER_APPICON_NAME = AppIcon;
				ASSETCATALOG_COMPILER_GLOBAL_ACCENT_COLOR_NAME = AccentColor;
				CODE_SIGN_STYLE = Automatic;
				CURRENT_PROJECT_VERSION = 1;
				DEVELOPMENT_ASSET_PATHS = "\"StockAdvisor/Preview Content\"";
				DEVELOPMENT_TEAM = 99568KA9SE;
				ENABLE_PREVIEWS = YES;
				GENERATE_INFOPLIST_FILE = YES;
				INFOPLIST_KEY_UIApplicationSceneManifest_Generation = YES;
				INFOPLIST_KEY_UIApplicationSupportsIndirectInputEvents = YES;
				INFOPLIST_KEY_UILaunchScreen_Generation = YES;
				INFOPLIST_KEY_UISupportedInterfaceOrientations_iPad = "UIInterfaceOrientationPortrait UIInterfaceOrientationPortraitUpsideDown UIInterfaceOrientationLandscapeLeft UIInterfaceOrientationLandscapeRight";
				INFOPLIST_KEY_UISupportedInterfaceOrientations_iPhone = "UIInterfaceOrientationPortrait UIInterfaceOrientationLandscapeLeft UIInterfaceOrientationLandscapeRight";
				LD_RUNPATH_SEARCH_PATHS = (
					"$(inherited)",
					"@executable_path/Frameworks",
				);
				MARKETING_VERSION = 1.0;
				PRODUCT_BUNDLE_IDENTIFIER = com.LifeWorksIQ.StockAdvisor;
				PRODUCT_NAME = "$(TARGET_NAME)";
				SWIFT_EMIT_LOC_STRINGS = YES;
				SWIFT_VERSION = 5.0;
				TARGETED_DEVICE_FAMILY = "1,2";
			};
			name = Debug;
		};
		630504AE27F527B600DCC6BF /* Release */ = {
			isa = XCBuildConfiguration;
			buildSettings = {
				ASSETCATALOG_COMPILER_APPICON_NAME = AppIcon;
				ASSETCATALOG_COMPILER_GLOBAL_ACCENT_COLOR_NAME = AccentColor;
				CODE_SIGN_STYLE = Automatic;
				CURRENT_PROJECT_VERSION = 1;
				DEVELOPMENT_ASSET_PATHS = "\"StockAdvisor/Preview Content\"";
				DEVELOPMENT_TEAM = 99568KA9SE;
				ENABLE_PREVIEWS = YES;
				GENERATE_INFOPLIST_FILE = YES;
				INFOPLIST_KEY_UIApplicationSceneManifest_Generation = YES;
				INFOPLIST_KEY_UIApplicationSupportsIndirectInputEvents = YES;
				INFOPLIST_KEY_UILaunchScreen_Generation = YES;
				INFOPLIST_KEY_UISupportedInterfaceOrientations_iPad = "UIInterfaceOrientationPortrait UIInterfaceOrientationPortraitUpsideDown UIInterfaceOrientationLandscapeLeft UIInterfaceOrientationLandscapeRight";
				INFOPLIST_KEY_UISupportedInterfaceOrientations_iPhone = "UIInterfaceOrientationPortrait UIInterfaceOrientationLandscapeLeft UIInterfaceOrientationLandscapeRight";
				LD_RUNPATH_SEARCH_PATHS = (
					"$(inherited)",
					"@executable_path/Frameworks",
				);
				MARKETING_VERSION = 1.0;
				PRODUCT_BUNDLE_IDENTIFIER = com.LifeWorksIQ.StockAdvisor;
				PRODUCT_NAME = "$(TARGET_NAME)";
				SWIFT_EMIT_LOC_STRINGS = YES;
				SWIFT_VERSION = 5.0;
				TARGETED_DEVICE_FAMILY = "1,2";
			};
			name = Release;
		};
/* End XCBuildConfiguration section */

/* Begin XCConfigurationList section */
		6305049927F527B300DCC6BF /* Build configuration list for PBXProject "StockAdvisor" */ = {
			isa = XCConfigurationList;
			buildConfigurations = (
				630504AA27F527B600DCC6BF /* Debug */,
				630504AB27F527B600DCC6BF /* Release */,
			);
			defaultConfigurationIsVisible = 0;
			defaultConfigurationName = Release;
		};
		630504AC27F527B600DCC6BF /* Build configuration list for PBXNativeTarget "StockAdvisor" */ = {
			isa = XCConfigurationList;
			buildConfigurations = (
				630504AD27F527B600DCC6BF /* Debug */,
				630504AE27F527B600DCC6BF /* Release */,
			);
			defaultConfigurationIsVisible = 0;
			defaultConfigurationName = Release;
		};
/* End XCConfigurationList section */

/* Begin XCRemoteSwiftPackageReference section */
		630504E927F6913100DCC6BF /* XCRemoteSwiftPackageReference "BetterSafariView" */ = {
			isa = XCRemoteSwiftPackageReference;
			repositoryURL = "https://github.com/stleamist/BetterSafariView.git";
			requirement = {
				branch = main;
				kind = branch;
			};
		};
/* End XCRemoteSwiftPackageReference section */

/* Begin XCSwiftPackageProductDependency section */
		630504EA27F6913200DCC6BF /* BetterSafariView */ = {
			isa = XCSwiftPackageProductDependency;
			package = 630504E927F6913100DCC6BF /* XCRemoteSwiftPackageReference "BetterSafariView" */;
			productName = BetterSafariView;
		};
/* End XCSwiftPackageProductDependency section */
	};
	rootObject = 6305049627F527B300DCC6BF /* Project object */;
}
